// !$*UTF8*$!
{
	archiveVersion = 1;
	classes = {
	};
	objectVersion = 50;
	objects = {

/* Begin PBXBuildFile section */
		BC0BAE6523E77EAD003919D2 /* CardView.swift in Sources */ = {isa = PBXBuildFile; fileRef = BC0BAE6423E77EAD003919D2 /* CardView.swift */; };
		BC23834323E4F6F20098C9B5 /* AppDelegate.swift in Sources */ = {isa = PBXBuildFile; fileRef = BC23834223E4F6F20098C9B5 /* AppDelegate.swift */; };
		BC23834523E4F6F20098C9B5 /* SceneDelegate.swift in Sources */ = {isa = PBXBuildFile; fileRef = BC23834423E4F6F20098C9B5 /* SceneDelegate.swift */; };
		BC23834723E4F6F20098C9B5 /* SinglePlayerSetGameViewController.swift in Sources */ = {isa = PBXBuildFile; fileRef = BC23834623E4F6F20098C9B5 /* SinglePlayerSetGameViewController.swift */; };
		BC23834A23E4F6F20098C9B5 /* Main.storyboard in Resources */ = {isa = PBXBuildFile; fileRef = BC23834823E4F6F20098C9B5 /* Main.storyboard */; };
		BC23834C23E4F6F40098C9B5 /* Assets.xcassets in Resources */ = {isa = PBXBuildFile; fileRef = BC23834B23E4F6F40098C9B5 /* Assets.xcassets */; };
		BC23834F23E4F6F40098C9B5 /* LaunchScreen.storyboard in Resources */ = {isa = PBXBuildFile; fileRef = BC23834D23E4F6F40098C9B5 /* LaunchScreen.storyboard */; };
		BC23835A23E4F6F50098C9B5 /* SetGameTests.swift in Sources */ = {isa = PBXBuildFile; fileRef = BC23835923E4F6F50098C9B5 /* SetGameTests.swift */; };
		BC8FB57723E5D5C000584C93 /* Card.swift in Sources */ = {isa = PBXBuildFile; fileRef = BC8FB57623E5D5C000584C93 /* Card.swift */; };
		BC8FB57923E5D81A00584C93 /* CardAttribute.swift in Sources */ = {isa = PBXBuildFile; fileRef = BC8FB57823E5D81A00584C93 /* CardAttribute.swift */; };
		BC8FB57B23E5D9DC00584C93 /* SetGame.swift in Sources */ = {isa = PBXBuildFile; fileRef = BC8FB57A23E5D9DC00584C93 /* SetGame.swift */; };
		BC8FB57E23E5DDB700584C93 /* IntExtension.swift in Sources */ = {isa = PBXBuildFile; fileRef = BC8FB57D23E5DDB700584C93 /* IntExtension.swift */; };
		BCD92BBD23ECDFC100D1A42D /* BotVsPlayerSetGameViewController.swift in Sources */ = {isa = PBXBuildFile; fileRef = BCD92BBC23ECDFC100D1A42D /* BotVsPlayerSetGameViewController.swift */; };
/* End PBXBuildFile section */

/* Begin PBXContainerItemProxy section */
		BC23835623E4F6F50098C9B5 /* PBXContainerItemProxy */ = {
			isa = PBXContainerItemProxy;
			containerPortal = BC23833723E4F6F10098C9B5 /* Project object */;
			proxyType = 1;
			remoteGlobalIDString = BC23833E23E4F6F20098C9B5;
			remoteInfo = SetGame;
		};
/* End PBXContainerItemProxy section */

/* Begin PBXFileReference section */
		BC0BAE6423E77EAD003919D2 /* CardView.swift */ = {isa = PBXFileReference; lastKnownFileType = sourcecode.swift; path = CardView.swift; sourceTree = "<group>"; };
		BC23833F23E4F6F20098C9B5 /* SetGame.app */ = {isa = PBXFileReference; explicitFileType = wrapper.application; includeInIndex = 0; path = SetGame.app; sourceTree = BUILT_PRODUCTS_DIR; };
		BC23834223E4F6F20098C9B5 /* AppDelegate.swift */ = {isa = PBXFileReference; lastKnownFileType = sourcecode.swift; path = AppDelegate.swift; sourceTree = "<group>"; };
		BC23834423E4F6F20098C9B5 /* SceneDelegate.swift */ = {isa = PBXFileReference; lastKnownFileType = sourcecode.swift; path = SceneDelegate.swift; sourceTree = "<group>"; };
		BC23834623E4F6F20098C9B5 /* SinglePlayerSetGameViewController.swift */ = {isa = PBXFileReference; lastKnownFileType = sourcecode.swift; path = SinglePlayerSetGameViewController.swift; sourceTree = "<group>"; };
		BC23834923E4F6F20098C9B5 /* Base */ = {isa = PBXFileReference; lastKnownFileType = file.storyboard; name = Base; path = Base.lproj/Main.storyboard; sourceTree = "<group>"; };
		BC23834B23E4F6F40098C9B5 /* Assets.xcassets */ = {isa = PBXFileReference; lastKnownFileType = folder.assetcatalog; path = Assets.xcassets; sourceTree = "<group>"; };
		BC23834E23E4F6F40098C9B5 /* Base */ = {isa = PBXFileReference; lastKnownFileType = file.storyboard; name = Base; path = Base.lproj/LaunchScreen.storyboard; sourceTree = "<group>"; };
		BC23835023E4F6F40098C9B5 /* Info.plist */ = {isa = PBXFileReference; lastKnownFileType = text.plist.xml; path = Info.plist; sourceTree = "<group>"; };
		BC23835523E4F6F50098C9B5 /* SetGameTests.xctest */ = {isa = PBXFileReference; explicitFileType = wrapper.cfbundle; includeInIndex = 0; path = SetGameTests.xctest; sourceTree = BUILT_PRODUCTS_DIR; };
		BC23835923E4F6F50098C9B5 /* SetGameTests.swift */ = {isa = PBXFileReference; lastKnownFileType = sourcecode.swift; path = SetGameTests.swift; sourceTree = "<group>"; };
		BC23835B23E4F6F50098C9B5 /* Info.plist */ = {isa = PBXFileReference; lastKnownFileType = text.plist.xml; path = Info.plist; sourceTree = "<group>"; };
		BC8FB57623E5D5C000584C93 /* Card.swift */ = {isa = PBXFileReference; lastKnownFileType = sourcecode.swift; path = Card.swift; sourceTree = "<group>"; };
		BC8FB57823E5D81A00584C93 /* CardAttribute.swift */ = {isa = PBXFileReference; lastKnownFileType = sourcecode.swift; path = CardAttribute.swift; sourceTree = "<group>"; };
		BC8FB57A23E5D9DC00584C93 /* SetGame.swift */ = {isa = PBXFileReference; lastKnownFileType = sourcecode.swift; path = SetGame.swift; sourceTree = "<group>"; };
		BC8FB57D23E5DDB700584C93 /* IntExtension.swift */ = {isa = PBXFileReference; lastKnownFileType = sourcecode.swift; path = IntExtension.swift; sourceTree = "<group>"; };
		BCD92BBC23ECDFC100D1A42D /* BotVsPlayerSetGameViewController.swift */ = {isa = PBXFileReference; lastKnownFileType = sourcecode.swift; path = BotVsPlayerSetGameViewController.swift; sourceTree = "<group>"; };
/* End PBXFileReference section */

/* Begin PBXFrameworksBuildPhase section */
		BC23833C23E4F6F20098C9B5 /* Frameworks */ = {
			isa = PBXFrameworksBuildPhase;
			buildActionMask = 2147483647;
			files = (
			);
			runOnlyForDeploymentPostprocessing = 0;
		};
		BC23835223E4F6F50098C9B5 /* Frameworks */ = {
			isa = PBXFrameworksBuildPhase;
			buildActionMask = 2147483647;
			files = (
			);
			runOnlyForDeploymentPostprocessing = 0;
		};
/* End PBXFrameworksBuildPhase section */

/* Begin PBXGroup section */
		BC0BAE6323E77E87003919D2 /* View */ = {
			isa = PBXGroup;
			children = (
				BC0BAE6423E77EAD003919D2 /* CardView.swift */,
			);
			path = View;
			sourceTree = "<group>";
		};
		BC23833623E4F6F10098C9B5 = {
			isa = PBXGroup;
			children = (
				BC23834123E4F6F20098C9B5 /* SetGame */,
				BC23835823E4F6F50098C9B5 /* SetGameTests */,
				BC23834023E4F6F20098C9B5 /* Products */,
			);
			sourceTree = "<group>";
		};
		BC23834023E4F6F20098C9B5 /* Products */ = {
			isa = PBXGroup;
			children = (
				BC23833F23E4F6F20098C9B5 /* SetGame.app */,
				BC23835523E4F6F50098C9B5 /* SetGameTests.xctest */,
			);
			name = Products;
			sourceTree = "<group>";
		};
		BC23834123E4F6F20098C9B5 /* SetGame */ = {
			isa = PBXGroup;
			children = (
				BCD92BBC23ECDFC100D1A42D /* BotVsPlayerSetGameViewController.swift */,
				BC23834623E4F6F20098C9B5 /* SinglePlayerSetGameViewController.swift */,
				BC23834823E4F6F20098C9B5 /* Main.storyboard */,
				BC23835023E4F6F40098C9B5 /* Info.plist */,
				BC8FB57523E5D59A00584C93 /* Model */,
				BC0BAE6323E77E87003919D2 /* View */,
				BC8FB57C23E5DD9D00584C93 /* Extension */,
				BC8FB58023E61FD700584C93 /* Supporting Files */,
			);
			path = SetGame;
			sourceTree = "<group>";
		};
		BC23835823E4F6F50098C9B5 /* SetGameTests */ = {
			isa = PBXGroup;
			children = (
				BC23835B23E4F6F50098C9B5 /* Info.plist */,
				BC8FB57F23E61B8C00584C93 /* Model */,
			);
			path = SetGameTests;
			sourceTree = "<group>";
		};
		BC8FB57523E5D59A00584C93 /* Model */ = {
			isa = PBXGroup;
			children = (
				BC8FB57623E5D5C000584C93 /* Card.swift */,
				BC8FB57823E5D81A00584C93 /* CardAttribute.swift */,
				BC8FB57A23E5D9DC00584C93 /* SetGame.swift */,
			);
			path = Model;
			sourceTree = "<group>";
		};
		BC8FB57C23E5DD9D00584C93 /* Extension */ = {
			isa = PBXGroup;
			children = (
				BC8FB57D23E5DDB700584C93 /* IntExtension.swift */,
			);
			path = Extension;
			sourceTree = "<group>";
		};
		BC8FB57F23E61B8C00584C93 /* Model */ = {
			isa = PBXGroup;
			children = (
				BC23835923E4F6F50098C9B5 /* SetGameTests.swift */,
			);
			path = Model;
			sourceTree = "<group>";
		};
		BC8FB58023E61FD700584C93 /* Supporting Files */ = {
			isa = PBXGroup;
			children = (
				BC23834223E4F6F20098C9B5 /* AppDelegate.swift */,
				BC23834423E4F6F20098C9B5 /* SceneDelegate.swift */,
				BC23834B23E4F6F40098C9B5 /* Assets.xcassets */,
				BC23834D23E4F6F40098C9B5 /* LaunchScreen.storyboard */,
			);
			path = "Supporting Files";
			sourceTree = "<group>";
		};
/* End PBXGroup section */

/* Begin PBXNativeTarget section */
		BC23833E23E4F6F20098C9B5 /* SetGame */ = {
			isa = PBXNativeTarget;
			buildConfigurationList = BC23835E23E4F6F50098C9B5 /* Build configuration list for PBXNativeTarget "SetGame" */;
			buildPhases = (
				BC23833B23E4F6F20098C9B5 /* Sources */,
				BC23833C23E4F6F20098C9B5 /* Frameworks */,
				BC23833D23E4F6F20098C9B5 /* Resources */,
			);
			buildRules = (
			);
			dependencies = (
			);
			name = SetGame;
			productName = SetGame;
			productReference = BC23833F23E4F6F20098C9B5 /* SetGame.app */;
			productType = "com.apple.product-type.application";
		};
		BC23835423E4F6F50098C9B5 /* SetGameTests */ = {
			isa = PBXNativeTarget;
			buildConfigurationList = BC23836123E4F6F50098C9B5 /* Build configuration list for PBXNativeTarget "SetGameTests" */;
			buildPhases = (
				BC23835123E4F6F50098C9B5 /* Sources */,
				BC23835223E4F6F50098C9B5 /* Frameworks */,
				BC23835323E4F6F50098C9B5 /* Resources */,
			);
			buildRules = (
			);
			dependencies = (
				BC23835723E4F6F50098C9B5 /* PBXTargetDependency */,
			);
			name = SetGameTests;
			productName = SetGameTests;
			productReference = BC23835523E4F6F50098C9B5 /* SetGameTests.xctest */;
			productType = "com.apple.product-type.bundle.unit-test";
		};
/* End PBXNativeTarget section */

/* Begin PBXProject section */
		BC23833723E4F6F10098C9B5 /* Project object */ = {
			isa = PBXProject;
			attributes = {
				LastSwiftUpdateCheck = 1130;
				LastUpgradeCheck = 1130;
				ORGANIZATIONNAME = "Kaan Tolunay Kilic";
				TargetAttributes = {
					BC23833E23E4F6F20098C9B5 = {
						CreatedOnToolsVersion = 11.3.1;
					};
					BC23835423E4F6F50098C9B5 = {
						CreatedOnToolsVersion = 11.3.1;
						TestTargetID = BC23833E23E4F6F20098C9B5;
					};
				};
			};
			buildConfigurationList = BC23833A23E4F6F20098C9B5 /* Build configuration list for PBXProject "SetGame" */;
			compatibilityVersion = "Xcode 9.3";
			developmentRegion = en;
			hasScannedForEncodings = 0;
			knownRegions = (
				en,
				Base,
			);
			mainGroup = BC23833623E4F6F10098C9B5;
			productRefGroup = BC23834023E4F6F20098C9B5 /* Products */;
			projectDirPath = "";
			projectRoot = "";
			targets = (
				BC23833E23E4F6F20098C9B5 /* SetGame */,
				BC23835423E4F6F50098C9B5 /* SetGameTests */,
			);
		};
/* End PBXProject section */

/* Begin PBXResourcesBuildPhase section */
		BC23833D23E4F6F20098C9B5 /* Resources */ = {
			isa = PBXResourcesBuildPhase;
			buildActionMask = 2147483647;
			files = (
				BC23834F23E4F6F40098C9B5 /* LaunchScreen.storyboard in Resources */,
				BC23834C23E4F6F40098C9B5 /* Assets.xcassets in Resources */,
				BC23834A23E4F6F20098C9B5 /* Main.storyboard in Resources */,
			);
			runOnlyForDeploymentPostprocessing = 0;
		};
		BC23835323E4F6F50098C9B5 /* Resources */ = {
			isa = PBXResourcesBuildPhase;
			buildActionMask = 2147483647;
			files = (
			);
			runOnlyForDeploymentPostprocessing = 0;
		};
/* End PBXResourcesBuildPhase section */

/* Begin PBXSourcesBuildPhase section */
		BC23833B23E4F6F20098C9B5 /* Sources */ = {
			isa = PBXSourcesBuildPhase;
			buildActionMask = 2147483647;
			files = (
				BCD92BBD23ECDFC100D1A42D /* BotVsPlayerSetGameViewController.swift in Sources */,
				BC8FB57E23E5DDB700584C93 /* IntExtension.swift in Sources */,
				BC23834723E4F6F20098C9B5 /* SinglePlayerSetGameViewController.swift in Sources */,
				BC8FB57923E5D81A00584C93 /* CardAttribute.swift in Sources */,
				BC23834323E4F6F20098C9B5 /* AppDelegate.swift in Sources */,
				BC23834523E4F6F20098C9B5 /* SceneDelegate.swift in Sources */,
				BC8FB57B23E5D9DC00584C93 /* SetGame.swift in Sources */,
				BC0BAE6523E77EAD003919D2 /* CardView.swift in Sources */,
				BC8FB57723E5D5C000584C93 /* Card.swift in Sources */,
			);
			runOnlyForDeploymentPostprocessing = 0;
		};
		BC23835123E4F6F50098C9B5 /* Sources */ = {
			isa = PBXSourcesBuildPhase;
			buildActionMask = 2147483647;
			files = (
				BC23835A23E4F6F50098C9B5 /* SetGameTests.swift in Sources */,
			);
			runOnlyForDeploymentPostprocessing = 0;
		};
/* End PBXSourcesBuildPhase section */

/* Begin PBXTargetDependency section */
		BC23835723E4F6F50098C9B5 /* PBXTargetDependency */ = {
			isa = PBXTargetDependency;
			target = BC23833E23E4F6F20098C9B5 /* SetGame */;
			targetProxy = BC23835623E4F6F50098C9B5 /* PBXContainerItemProxy */;
		};
/* End PBXTargetDependency section */

/* Begin PBXVariantGroup section */
		BC23834823E4F6F20098C9B5 /* Main.storyboard */ = {
			isa = PBXVariantGroup;
			children = (
				BC23834923E4F6F20098C9B5 /* Base */,
			);
			name = Main.storyboard;
			sourceTree = "<group>";
		};
		BC23834D23E4F6F40098C9B5 /* LaunchScreen.storyboard */ = {
			isa = PBXVariantGroup;
			children = (
				BC23834E23E4F6F40098C9B5 /* Base */,
			);
			name = LaunchScreen.storyboard;
			sourceTree = "<group>";
		};
/* End PBXVariantGroup section */

/* Begin XCBuildConfiguration section */
		BC23835C23E4F6F50098C9B5 /* Debug */ = {
			isa = XCBuildConfiguration;
			buildSettings = {
				ALWAYS_SEARCH_USER_PATHS = NO;
				CLANG_ANALYZER_NONNULL = YES;
				CLANG_ANALYZER_NUMBER_OBJECT_CONVERSION = YES_AGGRESSIVE;
				CLANG_CXX_LANGUAGE_STANDARD = "gnu++14";
				CLANG_CXX_LIBRARY = "libc++";
				CLANG_ENABLE_MODULES = YES;
				CLANG_ENABLE_OBJC_ARC = YES;
				CLANG_ENABLE_OBJC_WEAK = YES;
				CLANG_WARN_BLOCK_CAPTURE_AUTORELEASING = YES;
				CLANG_WARN_BOOL_CONVERSION = YES;
				CLANG_WARN_COMMA = YES;
				CLANG_WARN_CONSTANT_CONVERSION = YES;
				CLANG_WARN_DEPRECATED_OBJC_IMPLEMENTATIONS = YES;
				CLANG_WARN_DIRECT_OBJC_ISA_USAGE = YES_ERROR;
				CLANG_WARN_DOCUMENTATION_COMMENTS = YES;
				CLANG_WARN_EMPTY_BODY = YES;
				CLANG_WARN_ENUM_CONVERSION = YES;
				CLANG_WARN_INFINITE_RECURSION = YES;
				CLANG_WARN_INT_CONVERSION = YES;
				CLANG_WARN_NON_LITERAL_NULL_CONVERSION = YES;
				CLANG_WARN_OBJC_IMPLICIT_RETAIN_SELF = YES;
				CLANG_WARN_OBJC_LITERAL_CONVERSION = YES;
				CLANG_WARN_OBJC_ROOT_CLASS = YES_ERROR;
				CLANG_WARN_RANGE_LOOP_ANALYSIS = YES;
				CLANG_WARN_STRICT_PROTOTYPES = YES;
				CLANG_WARN_SUSPICIOUS_MOVE = YES;
				CLANG_WARN_UNGUARDED_AVAILABILITY = YES_AGGRESSIVE;
				CLANG_WARN_UNREACHABLE_CODE = YES;
				CLANG_WARN__DUPLICATE_METHOD_MATCH = YES;
				COPY_PHASE_STRIP = NO;
				DEBUG_INFORMATION_FORMAT = dwarf;
				ENABLE_STRICT_OBJC_MSGSEND = YES;
				ENABLE_TESTABILITY = YES;
				GCC_C_LANGUAGE_STANDARD = gnu11;
				GCC_DYNAMIC_NO_PIC = NO;
				GCC_NO_COMMON_BLOCKS = YES;
				GCC_OPTIMIZATION_LEVEL = 0;
				GCC_PREPROCESSOR_DEFINITIONS = (
					"DEBUG=1",
					"$(inherited)",
				);
				GCC_WARN_64_TO_32_BIT_CONVERSION = YES;
				GCC_WARN_ABOUT_RETURN_TYPE = YES_ERROR;
				GCC_WARN_UNDECLARED_SELECTOR = YES;
				GCC_WARN_UNINITIALIZED_AUTOS = YES_AGGRESSIVE;
				GCC_WARN_UNUSED_FUNCTION = YES;
				GCC_WARN_UNUSED_VARIABLE = YES;
				IPHONEOS_DEPLOYMENT_TARGET = 13.2;
				MTL_ENABLE_DEBUG_INFO = INCLUDE_SOURCE;
				MTL_FAST_MATH = YES;
				ONLY_ACTIVE_ARCH = YES;
				SDKROOT = iphoneos;
				SWIFT_ACTIVE_COMPILATION_CONDITIONS = DEBUG;
				SWIFT_OPTIMIZATION_LEVEL = "-Onone";
			};
			name = Debug;
		};
		BC23835D23E4F6F50098C9B5 /* Release */ = {
			isa = XCBuildConfiguration;
			buildSettings = {
				ALWAYS_SEARCH_USER_PATHS = NO;
				CLANG_ANALYZER_NONNULL = YES;
				CLANG_ANALYZER_NUMBER_OBJECT_CONVERSION = YES_AGGRESSIVE;
				CLANG_CXX_LANGUAGE_STANDARD = "gnu++14";
				CLANG_CXX_LIBRARY = "libc++";
				CLANG_ENABLE_MODULES = YES;
				CLANG_ENABLE_OBJC_ARC = YES;
				CLANG_ENABLE_OBJC_WEAK = YES;
				CLANG_WARN_BLOCK_CAPTURE_AUTORELEASING = YES;
				CLANG_WARN_BOOL_CONVERSION = YES;
				CLANG_WARN_COMMA = YES;
				CLANG_WARN_CONSTANT_CONVERSION = YES;
				CLANG_WARN_DEPRECATED_OBJC_IMPLEMENTATIONS = YES;
				CLANG_WARN_DIRECT_OBJC_ISA_USAGE = YES_ERROR;
				CLANG_WARN_DOCUMENTATION_COMMENTS = YES;
				CLANG_WARN_EMPTY_BODY = YES;
				CLANG_WARN_ENUM_CONVERSION = YES;
				CLANG_WARN_INFINITE_RECURSION = YES;
				CLANG_WARN_INT_CONVERSION = YES;
				CLANG_WARN_NON_LITERAL_NULL_CONVERSION = YES;
				CLANG_WARN_OBJC_IMPLICIT_RETAIN_SELF = YES;
				CLANG_WARN_OBJC_LITERAL_CONVERSION = YES;
				CLANG_WARN_OBJC_ROOT_CLASS = YES_ERROR;
				CLANG_WARN_RANGE_LOOP_ANALYSIS = YES;
				CLANG_WARN_STRICT_PROTOTYPES = YES;
				CLANG_WARN_SUSPICIOUS_MOVE = YES;
				CLANG_WARN_UNGUARDED_AVAILABILITY = YES_AGGRESSIVE;
				CLANG_WARN_UNREACHABLE_CODE = YES;
				CLANG_WARN__DUPLICATE_METHOD_MATCH = YES;
				COPY_PHASE_STRIP = NO;
				DEBUG_INFORMATION_FORMAT = "dwarf-with-dsym";
				ENABLE_NS_ASSERTIONS = NO;
				ENABLE_STRICT_OBJC_MSGSEND = YES;
				GCC_C_LANGUAGE_STANDARD = gnu11;
				GCC_NO_COMMON_BLOCKS = YES;
				GCC_WARN_64_TO_32_BIT_CONVERSION = YES;
				GCC_WARN_ABOUT_RETURN_TYPE = YES_ERROR;
				GCC_WARN_UNDECLARED_SELECTOR = YES;
				GCC_WARN_UNINITIALIZED_AUTOS = YES_AGGRESSIVE;
				GCC_WARN_UNUSED_FUNCTION = YES;
				GCC_WARN_UNUSED_VARIABLE = YES;
				IPHONEOS_DEPLOYMENT_TARGET = 13.2;
				MTL_ENABLE_DEBUG_INFO = NO;
				MTL_FAST_MATH = YES;
				SDKROOT = iphoneos;
				SWIFT_COMPILATION_MODE = wholemodule;
				SWIFT_OPTIMIZATION_LEVEL = "-O";
				VALIDATE_PRODUCT = YES;
			};
			name = Release;
		};
		BC23835F23E4F6F50098C9B5 /* Debug */ = {
			isa = XCBuildConfiguration;
			buildSettings = {
				ASSETCATALOG_COMPILER_APPICON_NAME = AppIcon;
				CODE_SIGN_STYLE = Automatic;
				DEVELOPMENT_TEAM = Q4NS9C3XN2;
				INFOPLIST_FILE = SetGame/Info.plist;
				LD_RUNPATH_SEARCH_PATHS = (
					"$(inherited)",
					"@executable_path/Frameworks",
				);
				PRODUCT_BUNDLE_IDENTIFIER = kaan.kilic.SetGame;
				PRODUCT_NAME = "$(TARGET_NAME)";
				SWIFT_VERSION = 5.0;
				TARGETED_DEVICE_FAMILY = "1,2";
			};
			name = Debug;
		};
		BC23836023E4F6F50098C9B5 /* Release */ = {
			isa = XCBuildConfiguration;
			buildSettings = {
				ASSETCATALOG_COMPILER_APPICON_NAME = AppIcon;
				CODE_SIGN_STYLE = Automatic;
				DEVELOPMENT_TEAM = Q4NS9C3XN2;
				INFOPLIST_FILE = SetGame/Info.plist;
				LD_RUNPATH_SEARCH_PATHS = (
					"$(inherited)",
					"@executable_path/Frameworks",
				);
				PRODUCT_BUNDLE_IDENTIFIER = kaan.kilic.SetGame;
				PRODUCT_NAME = "$(TARGET_NAME)";
				SWIFT_VERSION = 5.0;
				TARGETED_DEVICE_FAMILY = "1,2";
			};
			name = Release;
		};
		BC23836223E4F6F50098C9B5 /* Debug */ = {
			isa = XCBuildConfiguration;
			buildSettings = {
				ALWAYS_EMBED_SWIFT_STANDARD_LIBRARIES = YES;
				BUNDLE_LOADER = "$(TEST_HOST)";
				CODE_SIGN_STYLE = Automatic;
				DEVELOPMENT_TEAM = Q4NS9C3XN2;
				INFOPLIST_FILE = SetGameTests/Info.plist;
				IPHONEOS_DEPLOYMENT_TARGET = 13.2;
				LD_RUNPATH_SEARCH_PATHS = (
					"$(inherited)",
					"@executable_path/Frameworks",
					"@loader_path/Frameworks",
				);
				PRODUCT_BUNDLE_IDENTIFIER = kaan.kilic.SetGameTests;
				PRODUCT_NAME = "$(TARGET_NAME)";
				SWIFT_VERSION = 5.0;
				TARGETED_DEVICE_FAMILY = "1,2";
				TEST_HOST = "$(BUILT_PRODUCTS_DIR)/SetGame.app/SetGame";
			};
			name = Debug;
		};
		BC23836323E4F6F50098C9B5 /* Release */ = {
			isa = XCBuildConfiguration;
			buildSettings = {
				ALWAYS_EMBED_SWIFT_STANDARD_LIBRARIES = YES;
				BUNDLE_LOADER = "$(TEST_HOST)";
				CODE_SIGN_STYLE = Automatic;
				DEVELOPMENT_TEAM = Q4NS9C3XN2;
				INFOPLIST_FILE = SetGameTests/Info.plist;
				IPHONEOS_DEPLOYMENT_TARGET = 13.2;
				LD_RUNPATH_SEARCH_PATHS = (
					"$(inherited)",
					"@executable_path/Frameworks",
					"@loader_path/Frameworks",
				);
				PRODUCT_BUNDLE_IDENTIFIER = kaan.kilic.SetGameTests;
				PRODUCT_NAME = "$(TARGET_NAME)";
				SWIFT_VERSION = 5.0;
				TARGETED_DEVICE_FAMILY = "1,2";
				TEST_HOST = "$(BUILT_PRODUCTS_DIR)/SetGame.app/SetGame";
			};
			name = Release;
		};
/* End XCBuildConfiguration section */

/* Begin XCConfigurationList section */
		BC23833A23E4F6F20098C9B5 /* Build configuration list for PBXProject "SetGame" */ = {
			isa = XCConfigurationList;
			buildConfigurations = (
				BC23835C23E4F6F50098C9B5 /* Debug */,
				BC23835D23E4F6F50098C9B5 /* Release */,
			);
			defaultConfigurationIsVisible = 0;
			defaultConfigurationName = Release;
		};
		BC23835E23E4F6F50098C9B5 /* Build configuration list for PBXNativeTarget "SetGame" */ = {
			isa = XCConfigurationList;
			buildConfigurations = (
				BC23835F23E4F6F50098C9B5 /* Debug */,
				BC23836023E4F6F50098C9B5 /* Release */,
			);
			defaultConfigurationIsVisible = 0;
			defaultConfigurationName = Release;
		};
		BC23836123E4F6F50098C9B5 /* Build configuration list for PBXNativeTarget "SetGameTests" */ = {
			isa = XCConfigurationList;
			buildConfigurations = (
				BC23836223E4F6F50098C9B5 /* Debug */,
				BC23836323E4F6F50098C9B5 /* Release */,
			);
			defaultConfigurationIsVisible = 0;
			defaultConfigurationName = Release;
		};
/* End XCConfigurationList section */
	};
	rootObject = BC23833723E4F6F10098C9B5 /* Project object */;
}
